# THIS IS AN AUTOGENERATED FILE. DO NOT EDIT THIS FILE DIRECTLY.
# yarn lockfile v1


"@types/wechat-miniprogram@^3.0.0":
  version "3.1.0"
  resolved "https://registry.npm.taobao.org/@types/wechat-miniprogram/download/@types/wechat-miniprogram-3.1.0.tgz?cache=0&sync_timestamp=1603988838252&other_urls=https%3A%2F%2Fregistry.npm.taobao.org%2F%40types%2Fwechat-miniprogram%2Fdownload%2F%40types%2Fwechat-miniprogram-3.1.0.tgz#b7c2bbe7738857372627e82e972145ec5bc6f04a"
  integrity sha1-t8K753OIVzcmJ+gulyFF7FvG8Eo=

"@vant/weapp@^1.5.2":
  version "1.5.2"
  resolved "https://registry.npm.taobao.org/@vant/weapp/download/@vant/weapp-1.5.2.tgz#ea09223f52b3a0ccc4c914ebe586b69b0c801685"
  integrity sha1-6gkiP1KzoMzEyRTr5Ya2mwyAFoU=
  dependencies:
    "@types/wechat-miniprogram" "^3.0.0"
